
Microsoft Visual Studio Solution File, Format Version 12.00
Project("{FAE04EC0-301F-11D3-BF4B-00C04F79EFBC}") = "EAS.Section1", "EAS.Section1\EAS.Section1.csproj", "{E32D1528-BC9A-4F2A-8DFA-9932D573795D}"
EndProject
Project("{FAE04EC0-301F-11D3-BF4B-00C04F79EFBC}") = "EAS.Section2", "EAS.Section2\EAS.Section2.csproj", "{F5342BC2-2E82-44CB-8AB6-51372D175921}"
EndProject
Project("{FAE04EC0-301F-11D3-BF4B-00C04F79EFBC}") = "EAS.Section3", "EAS.Section3\EAS.Section3.csproj", "{A93C8BA6-F0A8-4F17-8374-538AA32E59B8}"
EndProject
Project("{FAE04EC0-301F-11D3-BF4B-00C04F79EFBC}") = "EAS.Section4", "EAS.Section4\EAS.Section4.csproj", "{B21E009E-1460-4B69-95ED-1D1125ECA6E5}"
EndProject
Project("{FAE04EC0-301F-11D3-BF4B-00C04F79EFBC}") = "EAS.Section5", "EAS.Section5\EAS.Section5.csproj", "{8DB9BAB6-1AF3-49E7-A0D6-07A03FB222DA}"
EndProject
Project("{FAE04EC0-301F-11D3-BF4B-00C04F79EFBC}") = "EAS.Section6", "EAS.Section6\EAS.Section6.csproj", "{9B72ED3E-2DEE-4C82-8D35-C27ED871205B}"
EndProject
Project("{FAE04EC0-301F-11D3-BF4B-00C04F79EFBC}") = "EAS.Section7", "EAS.Section7\EAS.Section7.csproj", "{FCB11488-B5D3-43A5-A55A-5F3214F14BB2}"
EndProject
Project("{FAE04EC0-301F-11D3-BF4B-00C04F79EFBC}") = "EAS.Section8", "EAS.Section8\EAS.Section8.csproj", "{FEAF1B61-C9DD-414D-87A4-82817350B465}"
EndProject
Project("{2150E333-8FDC-42A3-9474-1A3956D46DE8}") = "src", "src", "{813B4487-D4D1-44B7-9DE5-A6FEA25DC603}"
EndProject
Project("{2150E333-8FDC-42A3-9474-1A3956D46DE8}") = "test", "test", "{4CFE486D-E92D-4570-9305-E044FC56F318}"
EndProject
Project("{FAE04EC0-301F-11D3-BF4B-00C04F79EFBC}") = "EAS.Section1.Tests", "test\EAS.Section1.Tests\EAS.Section1.Tests.csproj", "{F6FCE7EA-7818-4FF3-94BF-28D4AD62BAA9}"
EndProject
Project("{FAE04EC0-301F-11D3-BF4B-00C04F79EFBC}") = "EAS.EVM", "EAS.EVM\EAS.EVM.csproj", "{DDD0D6B7-FD29-46F3-8D22-7C7DE5545289}"
EndProject
Project("{FAE04EC0-301F-11D3-BF4B-00C04F79EFBC}") = "EAS.Section2.Tests", "test\EAS.Section2.Tests\EAS.Section2.Tests.csproj", "{50693FA2-2075-4D08-B5A8-5E75A9866097}"
EndProject
Global
	GlobalSection(SolutionConfigurationPlatforms) = preSolution
		Debug|Any CPU = Debug|Any CPU
		Release|Any CPU = Release|Any CPU
	EndGlobalSection
	GlobalSection(ProjectConfigurationPlatforms) = postSolution
		{E32D1528-BC9A-4F2A-8DFA-9932D573795D}.Debug|Any CPU.ActiveCfg = Debug|Any CPU
		{E32D1528-BC9A-4F2A-8DFA-9932D573795D}.Debug|Any CPU.Build.0 = Debug|Any CPU
		{E32D1528-BC9A-4F2A-8DFA-9932D573795D}.Release|Any CPU.ActiveCfg = Release|Any CPU
		{E32D1528-BC9A-4F2A-8DFA-9932D573795D}.Release|Any CPU.Build.0 = Release|Any CPU
		{F5342BC2-2E82-44CB-8AB6-51372D175921}.Debug|Any CPU.ActiveCfg = Debug|Any CPU
		{F5342BC2-2E82-44CB-8AB6-51372D175921}.Debug|Any CPU.Build.0 = Debug|Any CPU
		{F5342BC2-2E82-44CB-8AB6-51372D175921}.Release|Any CPU.ActiveCfg = Release|Any CPU
		{F5342BC2-2E82-44CB-8AB6-51372D175921}.Release|Any CPU.Build.0 = Release|Any CPU
		{A93C8BA6-F0A8-4F17-8374-538AA32E59B8}.Debug|Any CPU.ActiveCfg = Debug|Any CPU
		{A93C8BA6-F0A8-4F17-8374-538AA32E59B8}.Debug|Any CPU.Build.0 = Debug|Any CPU
		{A93C8BA6-F0A8-4F17-8374-538AA32E59B8}.Release|Any CPU.ActiveCfg = Release|Any CPU
		{A93C8BA6-F0A8-4F17-8374-538AA32E59B8}.Release|Any CPU.Build.0 = Release|Any CPU
		{B21E009E-1460-4B69-95ED-1D1125ECA6E5}.Debug|Any CPU.ActiveCfg = Debug|Any CPU
		{B21E009E-1460-4B69-95ED-1D1125ECA6E5}.Debug|Any CPU.Build.0 = Debug|Any CPU
		{B21E009E-1460-4B69-95ED-1D1125ECA6E5}.Release|Any CPU.ActiveCfg = Release|Any CPU
		{B21E009E-1460-4B69-95ED-1D1125ECA6E5}.Release|Any CPU.Build.0 = Release|Any CPU
		{8DB9BAB6-1AF3-49E7-A0D6-07A03FB222DA}.Debug|Any CPU.ActiveCfg = Debug|Any CPU
		{8DB9BAB6-1AF3-49E7-A0D6-07A03FB222DA}.Debug|Any CPU.Build.0 = Debug|Any CPU
		{8DB9BAB6-1AF3-49E7-A0D6-07A03FB222DA}.Release|Any CPU.ActiveCfg = Release|Any CPU
		{8DB9BAB6-1AF3-49E7-A0D6-07A03FB222DA}.Release|Any CPU.Build.0 = Release|Any CPU
		{9B72ED3E-2DEE-4C82-8D35-C27ED871205B}.Debug|Any CPU.ActiveCfg = Debug|Any CPU
		{9B72ED3E-2DEE-4C82-8D35-C27ED871205B}.Debug|Any CPU.Build.0 = Debug|Any CPU
		{9B72ED3E-2DEE-4C82-8D35-C27ED871205B}.Release|Any CPU.ActiveCfg = Release|Any CPU
		{9B72ED3E-2DEE-4C82-8D35-C27ED871205B}.Release|Any CPU.Build.0 = Release|Any CPU
		{FCB11488-B5D3-43A5-A55A-5F3214F14BB2}.Debug|Any CPU.ActiveCfg = Debug|Any CPU
		{FCB11488-B5D3-43A5-A55A-5F3214F14BB2}.Debug|Any CPU.Build.0 = Debug|Any CPU
		{FCB11488-B5D3-43A5-A55A-5F3214F14BB2}.Release|Any CPU.ActiveCfg = Release|Any CPU
		{FCB11488-B5D3-43A5-A55A-5F3214F14BB2}.Release|Any CPU.Build.0 = Release|Any CPU
		{FEAF1B61-C9DD-414D-87A4-82817350B465}.Debug|Any CPU.ActiveCfg = Debug|Any CPU
		{FEAF1B61-C9DD-414D-87A4-82817350B465}.Debug|Any CPU.Build.0 = Debug|Any CPU
		{FEAF1B61-C9DD-414D-87A4-82817350B465}.Release|Any CPU.ActiveCfg = Release|Any CPU
		{FEAF1B61-C9DD-414D-87A4-82817350B465}.Release|Any CPU.Build.0 = Release|Any CPU
		{F6FCE7EA-7818-4FF3-94BF-28D4AD62BAA9}.Debug|Any CPU.ActiveCfg = Debug|Any CPU
		{F6FCE7EA-7818-4FF3-94BF-28D4AD62BAA9}.Debug|Any CPU.Build.0 = Debug|Any CPU
		{F6FCE7EA-7818-4FF3-94BF-28D4AD62BAA9}.Release|Any CPU.ActiveCfg = Release|Any CPU
		{F6FCE7EA-7818-4FF3-94BF-28D4AD62BAA9}.Release|Any CPU.Build.0 = Release|Any CPU
		{DDD0D6B7-FD29-46F3-8D22-7C7DE5545289}.Debug|Any CPU.ActiveCfg = Debug|Any CPU
		{DDD0D6B7-FD29-46F3-8D22-7C7DE5545289}.Debug|Any CPU.Build.0 = Debug|Any CPU
		{DDD0D6B7-FD29-46F3-8D22-7C7DE5545289}.Release|Any CPU.ActiveCfg = Release|Any CPU
		{DDD0D6B7-FD29-46F3-8D22-7C7DE5545289}.Release|Any CPU.Build.0 = Release|Any CPU
		{50693FA2-2075-4D08-B5A8-5E75A9866097}.Debug|Any CPU.ActiveCfg = Debug|Any CPU
		{50693FA2-2075-4D08-B5A8-5E75A9866097}.Debug|Any CPU.Build.0 = Debug|Any CPU
		{50693FA2-2075-4D08-B5A8-5E75A9866097}.Release|Any CPU.ActiveCfg = Release|Any CPU
		{50693FA2-2075-4D08-B5A8-5E75A9866097}.Release|Any CPU.Build.0 = Release|Any CPU
	EndGlobalSection
	GlobalSection(NestedProjects) = preSolution
		{E32D1528-BC9A-4F2A-8DFA-9932D573795D} = {813B4487-D4D1-44B7-9DE5-A6FEA25DC603}
		{F5342BC2-2E82-44CB-8AB6-51372D175921} = {813B4487-D4D1-44B7-9DE5-A6FEA25DC603}
		{A93C8BA6-F0A8-4F17-8374-538AA32E59B8} = {813B4487-D4D1-44B7-9DE5-A6FEA25DC603}
		{B21E009E-1460-4B69-95ED-1D1125ECA6E5} = {813B4487-D4D1-44B7-9DE5-A6FEA25DC603}
		{8DB9BAB6-1AF3-49E7-A0D6-07A03FB222DA} = {813B4487-D4D1-44B7-9DE5-A6FEA25DC603}
		{9B72ED3E-2DEE-4C82-8D35-C27ED871205B} = {813B4487-D4D1-44B7-9DE5-A6FEA25DC603}
		{FCB11488-B5D3-43A5-A55A-5F3214F14BB2} = {813B4487-D4D1-44B7-9DE5-A6FEA25DC603}
		{FEAF1B61-C9DD-414D-87A4-82817350B465} = {813B4487-D4D1-44B7-9DE5-A6FEA25DC603}
		{F6FCE7EA-7818-4FF3-94BF-28D4AD62BAA9} = {4CFE486D-E92D-4570-9305-E044FC56F318}
		{DDD0D6B7-FD29-46F3-8D22-7C7DE5545289} = {813B4487-D4D1-44B7-9DE5-A6FEA25DC603}
		{50693FA2-2075-4D08-B5A8-5E75A9866097} = {4CFE486D-E92D-4570-9305-E044FC56F318}
	EndGlobalSection
EndGlobal
